{
  "version": 1,
  "dependencies": {
    ".NETFramework,Version=v4.8": {
      "Microsoft.NETFramework.ReferenceAssemblies": {
        "type": "Direct",
        "requested": "[1.0.3, )",
        "resolved": "1.0.3",
        "contentHash": "vUc9Npcs14QsyOD01tnv/m8sQUnGTGOw1BCmKcv77LBJY7OxhJ+zJF7UD/sCL3lYNFuqmQEVlkfS4Quif6FyYg==",
        "dependencies": {
          "Microsoft.NETFramework.ReferenceAssemblies.net48": "1.0.3"
        }
      },
      "Microsoft.NETFramework.ReferenceAssemblies.net48": {
        "type": "Direct",
        "requested": "[1.0.3, )",
        "resolved": "1.0.3",
        "contentHash": "zMk4D+9zyiEWByyQ7oPImPN/Jhpj166Ky0Nlla4eXlNL8hI/BtSJsgR8Inldd4NNpIAH3oh8yym0W2DrhXdSLQ=="
      },
      "Newtonsoft.Json": {
        "type": "Direct",
        "requested": "[13.0.4, )",
        "resolved": "13.0.4",
        "contentHash": "pdgNNMai3zv51W5aq268sujXUyx7SNdE2bj1wZcWjAQrKMFZV260lbqYop1d2GM67JI1huLRwxo9ZqnfF/lC6A=="
      },
      "Microsoft.AspNet.Mvc": {
        "type": "Transitive",
        "resolved": "5.3.0",
        "contentHash": "Q1LcXRqTPmbXJAdf45PsxI6JYnCQP4vBfPCgDFd4dYf8ojxFTo4PH333PC4TzbOqRHxrUWGwgBdcR5T2jNwpHQ==",
        "dependencies": {
          "Microsoft.AspNet.Razor": "3.3.0",
          "Microsoft.AspNet.WebPages": "3.3.0"
        }
      },
      "Microsoft.AspNet.Razor": {
        "type": "Transitive",
        "resolved": "3.3.0",
        "contentHash": "5vJ0UKE/n381qcaKwFHxCwzb/YVuHzrm155iTgQhiv7+xdg2PE+54u+NPqu6C9AeRVOiwbh8/EOZwD16bLvWkg=="
      },
      "Microsoft.AspNet.WebPages": {
        "type": "Transitive",
        "resolved": "3.3.0",
        "contentHash": "2ATJrA8KNx2EpBWNjwy4P+NjQ06cZWjYsTZ5NqGNIHaU/i3NKmtpoaE90NGmVRaKF5rryGfADnvPQ56f61OuWg==",
        "dependencies": {
          "Microsoft.AspNet.Razor": "3.3.0",
          "Microsoft.Web.Infrastructure": "1.0.0"
        }
      },
      "Microsoft.Bcl.AsyncInterfaces": {
        "type": "Transitive",
        "resolved": "8.0.0",
        "contentHash": "3WA9q9yVqJp222P3x1wYIGDAkpjAku0TMUaaQV22g6L67AI0LdOIrVS7Ht2vJfLHGSPVuqN94vIr15qn+HEkHw==",
        "dependencies": {
          "System.Threading.Tasks.Extensions": "4.5.4"
        }
      },
      "Microsoft.Bcl.Cryptography": {
        "type": "Transitive",
        "resolved": "10.0.2",
        "contentHash": "LG9Yll3B5aNpxv0+D47g6LiOiKBIlodhcHdQwcYzo8VeexFLGqx5ymetmA2aBRyo9cCcWsQWrFsdbsr8LvmWDw==",
        "dependencies": {
          "System.Formats.Asn1": "10.0.2",
          "System.Memory": "4.6.3",
          "System.Runtime.CompilerServices.Unsafe": "6.1.2"
        }
      },
      "Microsoft.Bcl.TimeProvider": {
        "type": "Transitive",
        "resolved": "8.0.1",
        "contentHash": "C7kWHJnMRY7EvJev2S8+yJHZ1y7A4ZlLbA4NE+O23BDIAN5mHeqND1m+SKv1ChRS5YlCDW7yAMUe7lttRsJaAA==",
        "dependencies": {
          "Microsoft.Bcl.AsyncInterfaces": "8.0.0",
          "System.ValueTuple": "4.5.0"
        }
      },
      "Microsoft.Extensions.Logging.Abstractions": {
        "type": "Transitive",
        "resolved": "2.1.0",
        "contentHash": "GfD2VtvN9z1W+m6pZZe98yh9VWTSdNY2dZSxtca9uFIY6aBI6twvskMvLO/ktClBOTQmAov/7Em+IWFlHepa0A=="
      },
      "Microsoft.Identity.Client": {
        "type": "Transitive",
        "resolved": "4.90.1",
        "contentHash": "GLsf4cfEfIZD4pBkmBc8kCjfE811PKsM29T9nMZQDS2px/buM/Ha8jVYiGPdiA7cqjYNIX+G5d0S12TtGZS6RA==",
        "dependencies": {
          "Microsoft.IdentityModel.Abstractions": "8.14.0",
          "System.Diagnostics.DiagnosticSource": "6.0.1",
          "System.Formats.Asn1": "8.0.1",
          "System.Text.Json": "6.0.10"
        }
      },
      "Microsoft.IdentityModel.Abstractions": {
        "type": "Transitive",
        "resolved": "8.23.0",
        "contentHash": "JjiBkKj12OKvuWr+kB5sQwb7fmWW5bi03Mq/rd2Fu/7YwZ1RWQO9KhI9lBxki4o1VvY0wzqny8c7nwx1uuZzVg=="
      },
      "Microsoft.IdentityModel.JsonWebTokens": {
        "type": "Transitive",
        "resolved": "8.23.0",
        "contentHash": "ePEm+mv5iswzckE3mygh52uFUeQpVlHa1B10nS4jpEyNV5tL1mLgRS9U5sMaRlhsPRsZ1DJP0+FhxSrOIfMGIg==",
        "dependencies": {
          "Microsoft.Bcl.TimeProvider": "8.0.1",
          "Microsoft.IdentityModel.Tokens": "8.23.0"
        }
      },
      "Microsoft.IdentityModel.Logging": {
        "type": "Transitive",
        "resolved": "8.23.0",
        "contentHash": "wSXXOoV4b4hhRcC492jyNBZkO0LWrcWtWP5Cl5ujrON3vTMlufXDT39gTZfBhFAZCV2XJtNU6DLHMDR6E9YpUg==",
        "dependencies": {
          "Microsoft.IdentityModel.Abstractions": "8.23.0"
        }
      },
      "Microsoft.IdentityModel.Protocols": {
        "type": "Transitive",
        "resolved": "8.23.0",
        "contentHash": "wQxyMdH/9Q25/kF7B56YgyqEaUBXJEQ5IY0TEKNH3oAPewNxVOl0ENuaKu0sazR0kw4owQDDSF+AvWcEFEvo2g==",
        "dependencies": {
          "Microsoft.IdentityModel.Tokens": "8.23.0"
        }
      },
      "Microsoft.IdentityModel.Protocols.OpenIdConnect": {
        "type": "Transitive",
        "resolved": "8.23.0",
        "contentHash": "QvvFeTznlWHZ7w3aE4cJ+Ln2BnKzKleVG+H7ywiNcQtGUWmo2XS3LJDizpTyv9N0b8FDWYOnvWAxNynaJapwMQ==",
        "dependencies": {
          "Microsoft.IdentityModel.Protocols": "8.23.0",
          "System.IdentityModel.Tokens.Jwt": "8.23.0",
          "System.Text.Json": "8.0.5"
        }
      },
      "Microsoft.IdentityModel.Tokens": {
        "type": "Transitive",
        "resolved": "8.23.0",
        "contentHash": "PUowLq8gqICt+oepHWmKBOJmnVmWoQ5dOVn2CgwFMBZZOAEMHgCQLWs8ONYdsjAyjhDHaFy+AAx0OMG/oV06Zw==",
        "dependencies": {
          "Microsoft.Bcl.Cryptography": "10.0.2",
          "Microsoft.Bcl.TimeProvider": "8.0.1",
          "Microsoft.Extensions.Logging.Abstractions": "2.1.0",
          "Microsoft.IdentityModel.Logging": "8.23.0",
          "System.Diagnostics.DiagnosticSource": "6.0.2",
          "System.Memory": "4.6.3",
          "System.Text.Json": "8.0.5"
        }
      },
      "Microsoft.Owin": {
        "type": "Transitive",
        "resolved": "4.2.3",
        "contentHash": "uoOKm7Ouj06+ULS7Ss60tRM2E5t0ku7rQ7cJk864jArtE35WTJKMzUxgHxs7gdiqHZYnC3ddZSr9zj8yRjguEA==",
        "dependencies": {
          "Owin": "1.0.0"
        }
      },
      "Microsoft.Owin.Host.SystemWeb": {
        "type": "Transitive",
        "resolved": "4.2.3",
        "contentHash": "vYb7xhw93lFZrevsDtgzn9l72YaP9y908o9ngubrOqwJDv+xwLBG+qC2Fupy+jKTSucUQD0fv8fgip4pkGIJLA==",
        "dependencies": {
          "Microsoft.Owin": "4.2.3",
          "Owin": "1.0.0"
        }
      },
      "Microsoft.Owin.Security": {
        "type": "Transitive",
        "resolved": "4.2.3",
        "contentHash": "pt71Bo7qMHZNU/ut/c0KVViljZmTOedqdVFKJSO6QPlkbxScHAf9TrSVlS6SsQHihgTKtQOzmk3itqmm8vECPw==",
        "dependencies": {
          "Microsoft.Owin": "4.2.3",
          "Owin": "1.0.0"
        }
      },
      "Microsoft.Owin.Security.Cookies": {
        "type": "Transitive",
        "resolved": "4.2.3",
        "contentHash": "xDlpUvgLAXJTSe7PjtFo07qwcapKa1/qubi+hqRTQs4L4FZGmvHo7enX4AOFlfXomqI6QNmvEb47ZMktp9633A==",
        "dependencies": {
          "Microsoft.Owin": "4.2.3",
          "Microsoft.Owin.Security": "4.2.3",
          "Owin": "1.0.0"
        }
      },
      "Microsoft.Owin.Security.OpenIdConnect": {
        "type": "Transitive",
        "resolved": "4.2.3",
        "contentHash": "Bz5Q4+BjzUJQWjS9yiRi+38xvUS5R+aFbyDYXq9pLgGS7sIZm46uuBizfkKDwrr2+xbbR2xQXltPkuYl2OwS9w==",
        "dependencies": {
          "Microsoft.IdentityModel.JsonWebTokens": "5.3.0",
          "Microsoft.IdentityModel.Logging": "5.3.0",
          "Microsoft.IdentityModel.Protocols": "5.3.0",
          "Microsoft.IdentityModel.Protocols.OpenIdConnect": "5.3.0",
          "Microsoft.IdentityModel.Tokens": "5.3.0",
          "Microsoft.Owin": "4.2.3",
          "Microsoft.Owin.Security": "4.2.3",
          "Newtonsoft.Json": "13.0.1",
          "Owin": "1.0.0",
          "System.IdentityModel.Tokens.Jwt": "5.3.0"
        }
      },
      "Microsoft.Web.Infrastructure": {
        "type": "Transitive",
        "resolved": "1.0.0",
        "contentHash": "FNmvLn5m2LTU/Rs2KWVo0SIIh9Ek+U0ojex7xeDaSHw/zgEP77A8vY5cVWgUtBGS8MJfDGNn8rpXJWEIQaPwTg=="
      },
      "Owin": {
        "type": "Transitive",
        "resolved": "1.0.0",
        "contentHash": "OseTFniKmyp76mEzOBwIKGBRS5eMoYNkMKaMXOpxx9jv88+b6mh1rSaw43vjBOItNhaLFG3d0a20PfHyibH5sw=="
      },
      "System.Buffers": {
        "type": "Transitive",
        "resolved": "4.6.1",
        "contentHash": "N8GXpmiLMtljq7gwvyS+1QvKT/W2J8sNAvx+HVg4NGmsG/H+2k/y9QI23auLJRterrzCiDH+IWAw4V/GPwsMlw=="
      },
      "System.Diagnostics.DiagnosticSource": {
        "type": "Transitive",
        "resolved": "6.0.2",
        "contentHash": "6tQaIexFycaotdGn23lf3XJ/eI1GOjQKIvQDRFN9N4pwoNsKnHuXccQ3lnQO6GX8KAb1ic+6ZofJmPdbUVwZag==",
        "dependencies": {
          "System.Memory": "4.5.4",
          "System.Runtime.CompilerServices.Unsafe": "6.0.0"
        }
      },
      "System.Formats.Asn1": {
        "type": "Transitive",
        "resolved": "10.0.2",
        "contentHash": "9Hee6iQ74pDgdRNIL6lO8Vlx2onVWd5aDnqwk4Pvo0h5FklBd7QwcQDKgxeLuhiy0o3ibzUVO0KFQe0/hPXU+Q==",
        "dependencies": {
          "System.Memory": "4.6.3",
          "System.ValueTuple": "4.6.1"
        }
      },
      "System.IdentityModel.Tokens.Jwt": {
        "type": "Transitive",
        "resolved": "8.23.0",
        "contentHash": "mUuRjk0KKvF3dlF7CKcnjHn/4TFaWRDGjDRtn1rACitoIflv96apfLD9KPDisyCEuc/0ierocnHCvIXBvCL4Sw==",
        "dependencies": {
          "Microsoft.IdentityModel.JsonWebTokens": "8.23.0",
          "Microsoft.IdentityModel.Tokens": "8.23.0"
        }
      },
      "System.Memory": {
        "type": "Transitive",
        "resolved": "4.6.3",
        "contentHash": "qdcDOgnFZY40+Q9876JUHnlHu7bosOHX8XISRoH94fwk6hgaeQGSgfZd8srWRZNt5bV9ZW2TljcegDNxsf+96A==",
        "dependencies": {
          "System.Buffers": "4.6.1",
          "System.Numerics.Vectors": "4.6.1",
          "System.Runtime.CompilerServices.Unsafe": "6.1.2"
        }
      },
      "System.Numerics.Vectors": {
        "type": "Transitive",
        "resolved": "4.6.1",
        "contentHash": "sQxefTnhagrhoq2ReR0D/6K0zJcr9Hrd6kikeXsA1I8kOCboTavcUC4r7TSfpKFeE163uMuxZcyfO1mGO3EN8Q=="
      },
      "System.Runtime.CompilerServices.Unsafe": {
        "type": "Transitive",
        "resolved": "6.1.2",
        "contentHash": "2hBr6zdbIBTDE3EhK7NSVNdX58uTK6iHW/P/Axmm9sl1xoGSLqDvMtpecn226TNwHByFokYwJmt/aQQNlO5CRw=="
      },
      "System.Text.Encodings.Web": {
        "type": "Transitive",
        "resolved": "8.0.0",
        "contentHash": "yev/k9GHAEGx2Rg3/tU6MQh4HGBXJs70y7j1LaM1i/ER9po+6nnQ6RRqTJn1E7Xu0fbIFK80Nh5EoODxrbxwBQ==",
        "dependencies": {
          "System.Buffers": "4.5.1",
          "System.Memory": "4.5.5",
          "System.Runtime.CompilerServices.Unsafe": "6.0.0"
        }
      },
      "System.Text.Json": {
        "type": "Transitive",
        "resolved": "8.0.5",
        "contentHash": "0f1B50Ss7rqxXiaBJyzUu9bWFOO2/zSlifZ/UNMdiIpDYe4cY4LQQicP4nirK1OS31I43rn062UIJ1Q9bpmHpg==",
        "dependencies": {
          "Microsoft.Bcl.AsyncInterfaces": "8.0.0",
          "System.Buffers": "4.5.1",
          "System.Memory": "4.5.5",
          "System.Runtime.CompilerServices.Unsafe": "6.0.0",
          "System.Text.Encodings.Web": "8.0.0",
          "System.Threading.Tasks.Extensions": "4.5.4",
          "System.ValueTuple": "4.5.0"
        }
      },
      "System.Threading.Tasks.Extensions": {
        "type": "Transitive",
        "resolved": "4.5.4",
        "contentHash": "zteT+G8xuGu6mS+mzDzYXbzS7rd3K6Fjb9RiZlYlJPam2/hU7JCBZBVEcywNuR+oZ1ncTvc/cq0faRr3P01OVg==",
        "dependencies": {
          "System.Runtime.CompilerServices.Unsafe": "4.5.3"
        }
      },
      "System.ValueTuple": {
        "type": "Transitive",
        "resolved": "4.6.1",
        "contentHash": "+RJT4qaekpZ7DDLhf+LTjq+E48jieKiY9ulJ+BoxKmZblIJfIJT8Ufcaa/clQqnYvWs8jugfGSMu8ylS0caG0w=="
      },
      "sampleapp01": {
        "type": "Project",
        "dependencies": {
          "Microsoft.AspNet.Mvc": "[5.3.0, )",
          "Microsoft.Identity.Client": "[4.90.1, )",
          "Microsoft.IdentityModel.Protocols.OpenIdConnect": "[8.23.0, )",
          "Microsoft.IdentityModel.Tokens": "[8.23.0, )",
          "Microsoft.Owin.Host.SystemWeb": "[4.2.3, )",
          "Microsoft.Owin.Security.Cookies": "[4.2.3, )",
          "Microsoft.Owin.Security.OpenIdConnect": "[4.2.3, )",
          "Newtonsoft.Json": "[13.0.4, )",
          "System.IdentityModel.Tokens.Jwt": "[8.23.0, )"
        }
      }
    },
    ".NETFramework,Version=v4.8/win-x86": {}
  }
}